// !$*UTF8*$!
{
	archiveVersion = 1;
	classes = {
	};
	objectVersion = 55;
	objects = {

/* Begin PBXBuildFile section */
		3A19A66F282140B300AC972E /* ProximaNova-Regular.otf in Resources */ = {isa = PBXBuildFile; fileRef = 3A19A66E282140B300AC972E /* ProximaNova-Regular.otf */; };
		3A19A6712821416D00AC972E /* ProximaNova-Bold.otf in Resources */ = {isa = PBXBuildFile; fileRef = 3A19A6702821416D00AC972E /* ProximaNova-Bold.otf */; };
		3A1F6F972806F9D600E6BAD7 /* TableMovieCell.swift in Sources */ = {isa = PBXBuildFile; fileRef = 3A1F6F962806F9D600E6BAD7 /* TableMovieCell.swift */; };
		3A1F6F9928076AB100E6BAD7 /* GridMovieCell.swift in Sources */ = {isa = PBXBuildFile; fileRef = 3A1F6F9828076AB100E6BAD7 /* GridMovieCell.swift */; };
		3A4254FE280C3412008739FD /* FilterView.swift in Sources */ = {isa = PBXBuildFile; fileRef = 3A4254FD280C3412008739FD /* FilterView.swift */; };
		3A425504280C499E008739FD /* MovieGroupExtension.swift in Sources */ = {isa = PBXBuildFile; fileRef = 3A425503280C499E008739FD /* MovieGroupExtension.swift */; };
		3A42550A280C6B73008739FD /* GridMovieSubcell.swift in Sources */ = {isa = PBXBuildFile; fileRef = 3A425509280C6B73008739FD /* GridMovieSubcell.swift */; };
		3A5A1F602822E2C000A58526 /* FavoritesViewController.swift in Sources */ = {isa = PBXBuildFile; fileRef = 3A5A1F5F2822E2C000A58526 /* FavoritesViewController.swift */; };
		3A5A1F622822E50600A58526 /* MovieNavigationController.swift in Sources */ = {isa = PBXBuildFile; fileRef = 3A5A1F612822E50600A58526 /* MovieNavigationController.swift */; };
		3A5A1F662823149400A58526 /* NetworkService.swift in Sources */ = {isa = PBXBuildFile; fileRef = 3A5A1F652823149400A58526 /* NetworkService.swift */; };
		3A5A1F68282407ED00A58526 /* NetworkServiceProtocol.swift in Sources */ = {isa = PBXBuildFile; fileRef = 3A5A1F67282407ED00A58526 /* NetworkServiceProtocol.swift */; };
		3A5F7AAD28049C170062B036 /* AppDelegate.swift in Sources */ = {isa = PBXBuildFile; fileRef = 3A5F7AAC28049C170062B036 /* AppDelegate.swift */; };
		3A5F7AAF28049C170062B036 /* SceneDelegate.swift in Sources */ = {isa = PBXBuildFile; fileRef = 3A5F7AAE28049C170062B036 /* SceneDelegate.swift */; };
		3A5F7AB628049C180062B036 /* Assets.xcassets in Resources */ = {isa = PBXBuildFile; fileRef = 3A5F7AB528049C180062B036 /* Assets.xcassets */; };
		3A5F7AC128049C9D0062B036 /* MovieDetailsViewController.swift in Sources */ = {isa = PBXBuildFile; fileRef = 3A5F7AC028049C9D0062B036 /* MovieDetailsViewController.swift */; };
		3A5F7AC428049CB30062B036 /* SnapKit in Frameworks */ = {isa = PBXBuildFile; productRef = 3A5F7AC328049CB30062B036 /* SnapKit */; };
		3A5F7AC82804A0190062B036 /* MovieAppData in Frameworks */ = {isa = PBXBuildFile; productRef = 3A5F7AC72804A0190062B036 /* MovieAppData */; };
		3A5F7AD02804A1520062B036 /* MovieListViewController.swift in Sources */ = {isa = PBXBuildFile; fileRef = 3A5F7ACF2804A1520062B036 /* MovieListViewController.swift */; };
		3A5F7AD32804A1650062B036 /* SearchBarView.swift in Sources */ = {isa = PBXBuildFile; fileRef = 3A5F7AD22804A1650062B036 /* SearchBarView.swift */; };
		3A5F7AD52804A1760062B036 /* SearchBarSelectedViewController.swift in Sources */ = {isa = PBXBuildFile; fileRef = 3A5F7AD42804A1760062B036 /* SearchBarSelectedViewController.swift */; };
		3A5F7AD72804A1860062B036 /* SearchBarNotSelectedViewController.swift in Sources */ = {isa = PBXBuildFile; fileRef = 3A5F7AD62804A1860062B036 /* SearchBarNotSelectedViewController.swift */; };
		3A8F42B3280A32C00009F179 /* MovieDataModel.swift in Sources */ = {isa = PBXBuildFile; fileRef = 3A8F42B2280A32C00009F179 /* MovieDataModel.swift */; };
		3ABF58622827DB3B00370D2C /* ErrorViewController.swift in Sources */ = {isa = PBXBuildFile; fileRef = 3ABF58612827DB3B00370D2C /* ErrorViewController.swift */; };
		3ADCEFE228241FA200187981 /* FetchService.swift in Sources */ = {isa = PBXBuildFile; fileRef = 3ADCEFE128241FA200187981 /* FetchService.swift */; };
		3ADCEFE82824237400187981 /* Movies.swift in Sources */ = {isa = PBXBuildFile; fileRef = 3ADCEFE72824237400187981 /* Movies.swift */; };
		3ADCEFEA28251C1700187981 /* Urls.swift in Sources */ = {isa = PBXBuildFile; fileRef = 3ADCEFE928251C1700187981 /* Urls.swift */; };
		3AEEBDD12822B4FE006D3DF7 /* TabBarController.swift in Sources */ = {isa = PBXBuildFile; fileRef = 3AEEBDD02822B4FE006D3DF7 /* TabBarController.swift */; };
/* End PBXBuildFile section */

/* Begin PBXFileReference section */
		3A19A66E282140B300AC972E /* ProximaNova-Regular.otf */ = {isa = PBXFileReference; lastKnownFileType = file; path = "ProximaNova-Regular.otf"; sourceTree = "<group>"; };
		3A19A6702821416D00AC972E /* ProximaNova-Bold.otf */ = {isa = PBXFileReference; lastKnownFileType = file; path = "ProximaNova-Bold.otf"; sourceTree = "<group>"; };
		3A1F6F962806F9D600E6BAD7 /* TableMovieCell.swift */ = {isa = PBXFileReference; lastKnownFileType = sourcecode.swift; path = TableMovieCell.swift; sourceTree = "<group>"; };
		3A1F6F9828076AB100E6BAD7 /* GridMovieCell.swift */ = {isa = PBXFileReference; lastKnownFileType = sourcecode.swift; path = GridMovieCell.swift; sourceTree = "<group>"; };
		3A4254FD280C3412008739FD /* FilterView.swift */ = {isa = PBXFileReference; lastKnownFileType = sourcecode.swift; path = FilterView.swift; sourceTree = "<group>"; };
		3A425503280C499E008739FD /* MovieGroupExtension.swift */ = {isa = PBXFileReference; lastKnownFileType = sourcecode.swift; path = MovieGroupExtension.swift; sourceTree = "<group>"; };
		3A425509280C6B73008739FD /* GridMovieSubcell.swift */ = {isa = PBXFileReference; lastKnownFileType = sourcecode.swift; path = GridMovieSubcell.swift; sourceTree = "<group>"; };
		3A5A1F5F2822E2C000A58526 /* FavoritesViewController.swift */ = {isa = PBXFileReference; lastKnownFileType = sourcecode.swift; path = FavoritesViewController.swift; sourceTree = "<group>"; };
		3A5A1F612822E50600A58526 /* MovieNavigationController.swift */ = {isa = PBXFileReference; lastKnownFileType = sourcecode.swift; path = MovieNavigationController.swift; sourceTree = "<group>"; };
		3A5A1F652823149400A58526 /* NetworkService.swift */ = {isa = PBXFileReference; lastKnownFileType = sourcecode.swift; path = NetworkService.swift; sourceTree = "<group>"; };
		3A5A1F67282407ED00A58526 /* NetworkServiceProtocol.swift */ = {isa = PBXFileReference; lastKnownFileType = sourcecode.swift; path = NetworkServiceProtocol.swift; sourceTree = "<group>"; };
		3A5F7AA928049C170062B036 /* MovieApp.app */ = {isa = PBXFileReference; explicitFileType = wrapper.application; includeInIndex = 0; path = MovieApp.app; sourceTree = BUILT_PRODUCTS_DIR; };
		3A5F7AAC28049C170062B036 /* AppDelegate.swift */ = {isa = PBXFileReference; lastKnownFileType = sourcecode.swift; path = AppDelegate.swift; sourceTree = "<group>"; };
		3A5F7AAE28049C170062B036 /* SceneDelegate.swift */ = {isa = PBXFileReference; lastKnownFileType = sourcecode.swift; path = SceneDelegate.swift; sourceTree = "<group>"; };
		3A5F7AB528049C180062B036 /* Assets.xcassets */ = {isa = PBXFileReference; lastKnownFileType = folder.assetcatalog; path = Assets.xcassets; sourceTree = "<group>"; };
		3A5F7ABA28049C180062B036 /* Info.plist */ = {isa = PBXFileReference; lastKnownFileType = text.plist.xml; path = Info.plist; sourceTree = "<group>"; };
		3A5F7AC028049C9D0062B036 /* MovieDetailsViewController.swift */ = {isa = PBXFileReference; lastKnownFileType = sourcecode.swift; path = MovieDetailsViewController.swift; sourceTree = "<group>"; };
		3A5F7ACF2804A1520062B036 /* MovieListViewController.swift */ = {isa = PBXFileReference; lastKnownFileType = sourcecode.swift; path = MovieListViewController.swift; sourceTree = "<group>"; };
		3A5F7AD22804A1650062B036 /* SearchBarView.swift */ = {isa = PBXFileReference; lastKnownFileType = sourcecode.swift; path = SearchBarView.swift; sourceTree = "<group>"; };
		3A5F7AD42804A1760062B036 /* SearchBarSelectedViewController.swift */ = {isa = PBXFileReference; lastKnownFileType = sourcecode.swift; path = SearchBarSelectedViewController.swift; sourceTree = "<group>"; };
		3A5F7AD62804A1860062B036 /* SearchBarNotSelectedViewController.swift */ = {isa = PBXFileReference; lastKnownFileType = sourcecode.swift; path = SearchBarNotSelectedViewController.swift; sourceTree = "<group>"; };
		3A8F42B2280A32C00009F179 /* MovieDataModel.swift */ = {isa = PBXFileReference; lastKnownFileType = sourcecode.swift; path = MovieDataModel.swift; sourceTree = "<group>"; };
		3ABF58612827DB3B00370D2C /* ErrorViewController.swift */ = {isa = PBXFileReference; lastKnownFileType = sourcecode.swift; path = ErrorViewController.swift; sourceTree = "<group>"; };
		3ADCEFE128241FA200187981 /* FetchService.swift */ = {isa = PBXFileReference; lastKnownFileType = sourcecode.swift; path = FetchService.swift; sourceTree = "<group>"; };
		3ADCEFE72824237400187981 /* Movies.swift */ = {isa = PBXFileReference; lastKnownFileType = sourcecode.swift; path = Movies.swift; sourceTree = "<group>"; };
		3ADCEFE928251C1700187981 /* Urls.swift */ = {isa = PBXFileReference; lastKnownFileType = sourcecode.swift; path = Urls.swift; sourceTree = "<group>"; };
		3AEEBDD02822B4FE006D3DF7 /* TabBarController.swift */ = {isa = PBXFileReference; lastKnownFileType = sourcecode.swift; path = TabBarController.swift; sourceTree = "<group>"; };
/* End PBXFileReference section */

/* Begin PBXFrameworksBuildPhase section */
		3A5F7AA628049C170062B036 /* Frameworks */ = {
			isa = PBXFrameworksBuildPhase;
			buildActionMask = 2147483647;
			files = (
				3A5F7AC428049CB30062B036 /* SnapKit in Frameworks */,
				3A5F7AC82804A0190062B036 /* MovieAppData in Frameworks */,
			);
			runOnlyForDeploymentPostprocessing = 0;
		};
/* End PBXFrameworksBuildPhase section */

/* Begin PBXGroup section */
		3A5F7AA028049C170062B036 = {
			isa = PBXGroup;
			children = (
				3A5F7AAB28049C170062B036 /* MovieApp */,
				3A5F7AAA28049C170062B036 /* Products */,
			);
			sourceTree = "<group>";
		};
		3A5F7AAA28049C170062B036 /* Products */ = {
			isa = PBXGroup;
			children = (
				3A5F7AA928049C170062B036 /* MovieApp.app */,
			);
			name = Products;
			sourceTree = "<group>";
		};
		3A5F7AAB28049C170062B036 /* MovieApp */ = {
			isa = PBXGroup;
			children = (
				3A5F7AAC28049C170062B036 /* AppDelegate.swift */,
				3A5F7AAE28049C170062B036 /* SceneDelegate.swift */,
				3A5F7AB528049C180062B036 /* Assets.xcassets */,
				3A19A66E282140B300AC972E /* ProximaNova-Regular.otf */,
				3A5F7ABA28049C180062B036 /* Info.plist */,
				3A5F7AC028049C9D0062B036 /* MovieDetailsViewController.swift */,
				3A5F7ACF2804A1520062B036 /* MovieListViewController.swift */,
				3A5F7AD22804A1650062B036 /* SearchBarView.swift */,
				3A5F7AD42804A1760062B036 /* SearchBarSelectedViewController.swift */,
				3A5F7AD62804A1860062B036 /* SearchBarNotSelectedViewController.swift */,
				3A1F6F962806F9D600E6BAD7 /* TableMovieCell.swift */,
				3A1F6F9828076AB100E6BAD7 /* GridMovieCell.swift */,
				3A19A6702821416D00AC972E /* ProximaNova-Bold.otf */,
				3A8F42B2280A32C00009F179 /* MovieDataModel.swift */,
				3A4254FD280C3412008739FD /* FilterView.swift */,
				3A425503280C499E008739FD /* MovieGroupExtension.swift */,
				3A425509280C6B73008739FD /* GridMovieSubcell.swift */,
				3AEEBDD02822B4FE006D3DF7 /* TabBarController.swift */,
				3A5A1F5F2822E2C000A58526 /* FavoritesViewController.swift */,
				3A5A1F612822E50600A58526 /* MovieNavigationController.swift */,
				3A5A1F652823149400A58526 /* NetworkService.swift */,
				3A5A1F67282407ED00A58526 /* NetworkServiceProtocol.swift */,
				3ADCEFE128241FA200187981 /* FetchService.swift */,
				3ADCEFE72824237400187981 /* Movies.swift */,
				3ADCEFE928251C1700187981 /* Urls.swift */,
				3ABF58612827DB3B00370D2C /* ErrorViewController.swift */,
			);
			path = MovieApp;
			sourceTree = "<group>";
		};
/* End PBXGroup section */

/* Begin PBXNativeTarget section */
		3A5F7AA828049C170062B036 /* MovieApp */ = {
			isa = PBXNativeTarget;
			buildConfigurationList = 3A5F7ABD28049C180062B036 /* Build configuration list for PBXNativeTarget "MovieApp" */;
			buildPhases = (
				3A5F7AA528049C170062B036 /* Sources */,
				3A5F7AA628049C170062B036 /* Frameworks */,
				3A5F7AA728049C170062B036 /* Resources */,
			);
			buildRules = (
			);
			dependencies = (
			);
			name = MovieApp;
			packageProductDependencies = (
				3A5F7AC328049CB30062B036 /* SnapKit */,
				3A5F7AC72804A0190062B036 /* MovieAppData */,
			);
			productName = MovieApp;
			productReference = 3A5F7AA928049C170062B036 /* MovieApp.app */;
			productType = "com.apple.product-type.application";
		};
/* End PBXNativeTarget section */

/* Begin PBXProject section */
		3A5F7AA128049C170062B036 /* Project object */ = {
			isa = PBXProject;
			attributes = {
				BuildIndependentTargetsInParallel = 1;
				LastSwiftUpdateCheck = 1320;
				LastUpgradeCheck = 1320;
				TargetAttributes = {
					3A5F7AA828049C170062B036 = {
						CreatedOnToolsVersion = 13.2.1;
					};
				};
			};
			buildConfigurationList = 3A5F7AA428049C170062B036 /* Build configuration list for PBXProject "MovieApp" */;
			compatibilityVersion = "Xcode 13.0";
			developmentRegion = en;
			hasScannedForEncodings = 0;
			knownRegions = (
				en,
				Base,
			);
			mainGroup = 3A5F7AA028049C170062B036;
			packageReferences = (
				3A5F7AC228049CB30062B036 /* XCRemoteSwiftPackageReference "SnapKit" */,
				3A5F7AC62804A0190062B036 /* XCRemoteSwiftPackageReference "MovieAppData" */,
			);
			productRefGroup = 3A5F7AAA28049C170062B036 /* Products */;
			projectDirPath = "";
			projectRoot = "";
			targets = (
				3A5F7AA828049C170062B036 /* MovieApp */,
			);
		};
/* End PBXProject section */

/* Begin PBXResourcesBuildPhase section */
		3A5F7AA728049C170062B036 /* Resources */ = {
			isa = PBXResourcesBuildPhase;
			buildActionMask = 2147483647;
			files = (
				3A19A6712821416D00AC972E /* ProximaNova-Bold.otf in Resources */,
				3A5F7AB628049C180062B036 /* Assets.xcassets in Resources */,
				3A19A66F282140B300AC972E /* ProximaNova-Regular.otf in Resources */,
			);
			runOnlyForDeploymentPostprocessing = 0;
		};
/* End PBXResourcesBuildPhase section */

/* Begin PBXSourcesBuildPhase section */
		3A5F7AA528049C170062B036 /* Sources */ = {
			isa = PBXSourcesBuildPhase;
			buildActionMask = 2147483647;
			files = (
				3A4254FE280C3412008739FD /* FilterView.swift in Sources */,
				3A5F7AD32804A1650062B036 /* SearchBarView.swift in Sources */,
				3A5F7AD52804A1760062B036 /* SearchBarSelectedViewController.swift in Sources */,
				3A8F42B3280A32C00009F179 /* MovieDataModel.swift in Sources */,
				3ADCEFE228241FA200187981 /* FetchService.swift in Sources */,
				3ABF58622827DB3B00370D2C /* ErrorViewController.swift in Sources */,
				3A5A1F662823149400A58526 /* NetworkService.swift in Sources */,
				3A5F7AAD28049C170062B036 /* AppDelegate.swift in Sources */,
				3A1F6F9928076AB100E6BAD7 /* GridMovieCell.swift in Sources */,
				3A5F7AAF28049C170062B036 /* SceneDelegate.swift in Sources */,
				3A1F6F972806F9D600E6BAD7 /* TableMovieCell.swift in Sources */,
				3A42550A280C6B73008739FD /* GridMovieSubcell.swift in Sources */,
				3A5F7AD72804A1860062B036 /* SearchBarNotSelectedViewController.swift in Sources */,
				3ADCEFEA28251C1700187981 /* Urls.swift in Sources */,
				3A5F7AC128049C9D0062B036 /* MovieDetailsViewController.swift in Sources */,
				3ADCEFE82824237400187981 /* Movies.swift in Sources */,
				3AEEBDD12822B4FE006D3DF7 /* TabBarController.swift in Sources */,
				3A425504280C499E008739FD /* MovieGroupExtension.swift in Sources */,
				3A5A1F68282407ED00A58526 /* NetworkServiceProtocol.swift in Sources */,
				3A5A1F602822E2C000A58526 /* FavoritesViewController.swift in Sources */,
				3A5A1F622822E50600A58526 /* MovieNavigationController.swift in Sources */,
				3A5F7AD02804A1520062B036 /* MovieListViewController.swift in Sources */,
			);
			runOnlyForDeploymentPostprocessing = 0;
		};
/* End PBXSourcesBuildPhase section */

/* Begin XCBuildConfiguration section */
		3A5F7ABB28049C180062B036 /* Debug */ = {
			isa = XCBuildConfiguration;
			buildSettings = {
				ALWAYS_SEARCH_USER_PATHS = NO;
				CLANG_ANALYZER_NONNULL = YES;
				CLANG_ANALYZER_NUMBER_OBJECT_CONVERSION = YES_AGGRESSIVE;
				CLANG_CXX_LANGUAGE_STANDARD = "gnu++17";
				CLANG_CXX_LIBRARY = "libc++";
				CLANG_ENABLE_MODULES = YES;
				CLANG_ENABLE_OBJC_ARC = YES;
				CLANG_ENABLE_OBJC_WEAK = YES;
				CLANG_WARN_BLOCK_CAPTURE_AUTORELEASING = YES;
				CLANG_WARN_BOOL_CONVERSION = YES;
				CLANG_WARN_COMMA = YES;
				CLANG_WARN_CONSTANT_CONVERSION = YES;
				CLANG_WARN_DEPRECATED_OBJC_IMPLEMENTATIONS = YES;
				CLANG_WARN_DIRECT_OBJC_ISA_USAGE = YES_ERROR;
				CLANG_WARN_DOCUMENTATION_COMMENTS = YES;
				CLANG_WARN_EMPTY_BODY = YES;
				CLANG_WARN_ENUM_CONVERSION = YES;
				CLANG_WARN_INFINITE_RECURSION = YES;
				CLANG_WARN_INT_CONVERSION = YES;
				CLANG_WARN_NON_LITERAL_NULL_CONVERSION = YES;
				CLANG_WARN_OBJC_IMPLICIT_RETAIN_SELF = YES;
				CLANG_WARN_OBJC_LITERAL_CONVERSION = YES;
				CLANG_WARN_OBJC_ROOT_CLASS = YES_ERROR;
				CLANG_WARN_QUOTED_INCLUDE_IN_FRAMEWORK_HEADER = YES;
				CLANG_WARN_RANGE_LOOP_ANALYSIS = YES;
				CLANG_WARN_STRICT_PROTOTYPES = YES;
				CLANG_WARN_SUSPICIOUS_MOVE = YES;
				CLANG_WARN_UNGUARDED_AVAILABILITY = YES_AGGRESSIVE;
				CLANG_WARN_UNREACHABLE_CODE = YES;
				CLANG_WARN__DUPLICATE_METHOD_MATCH = YES;
				COPY_PHASE_STRIP = NO;
				DEBUG_INFORMATION_FORMAT = dwarf;
				ENABLE_STRICT_OBJC_MSGSEND = YES;
				ENABLE_TESTABILITY = NO;
				GCC_C_LANGUAGE_STANDARD = gnu11;
				GCC_DYNAMIC_NO_PIC = NO;
				GCC_NO_COMMON_BLOCKS = YES;
				GCC_OPTIMIZATION_LEVEL = 0;
				GCC_PREPROCESSOR_DEFINITIONS = (
					"DEBUG=1",
					"$(inherited)",
				);
				GCC_WARN_64_TO_32_BIT_CONVERSION = YES;
				GCC_WARN_ABOUT_RETURN_TYPE = YES_ERROR;
				GCC_WARN_UNDECLARED_SELECTOR = YES;
				GCC_WARN_UNINITIALIZED_AUTOS = YES_AGGRESSIVE;
				GCC_WARN_UNUSED_FUNCTION = YES;
				GCC_WARN_UNUSED_VARIABLE = YES;
				IPHONEOS_DEPLOYMENT_TARGET = 15.2;
				MTL_ENABLE_DEBUG_INFO = INCLUDE_SOURCE;
				MTL_FAST_MATH = YES;
				ONLY_ACTIVE_ARCH = YES;
				SDKROOT = iphoneos;
				SWIFT_ACTIVE_COMPILATION_CONDITIONS = DEBUG;
				SWIFT_OPTIMIZATION_LEVEL = "-Onone";
			};
			name = Debug;
		};
		3A5F7ABC28049C180062B036 /* Release */ = {
			isa = XCBuildConfiguration;
			buildSettings = {
				ALWAYS_SEARCH_USER_PATHS = NO;
				CLANG_ANALYZER_NONNULL = YES;
				CLANG_ANALYZER_NUMBER_OBJECT_CONVERSION = YES_AGGRESSIVE;
				CLANG_CXX_LANGUAGE_STANDARD = "gnu++17";
				CLANG_CXX_LIBRARY = "libc++";
				CLANG_ENABLE_MODULES = YES;
				CLANG_ENABLE_OBJC_ARC = YES;
				CLANG_ENABLE_OBJC_WEAK = YES;
				CLANG_WARN_BLOCK_CAPTURE_AUTORELEASING = YES;
				CLANG_WARN_BOOL_CONVERSION = YES;
				CLANG_WARN_COMMA = YES;
				CLANG_WARN_CONSTANT_CONVERSION = YES;
				CLANG_WARN_DEPRECATED_OBJC_IMPLEMENTATIONS = YES;
				CLANG_WARN_DIRECT_OBJC_ISA_USAGE = YES_ERROR;
				CLANG_WARN_DOCUMENTATION_COMMENTS = YES;
				CLANG_WARN_EMPTY_BODY = YES;
				CLANG_WARN_ENUM_CONVERSION = YES;
				CLANG_WARN_INFINITE_RECURSION = YES;
				CLANG_WARN_INT_CONVERSION = YES;
				CLANG_WARN_NON_LITERAL_NULL_CONVERSION = YES;
				CLANG_WARN_OBJC_IMPLICIT_RETAIN_SELF = YES;
				CLANG_WARN_OBJC_LITERAL_CONVERSION = YES;
				CLANG_WARN_OBJC_ROOT_CLASS = YES_ERROR;
				CLANG_WARN_QUOTED_INCLUDE_IN_FRAMEWORK_HEADER = YES;
				CLANG_WARN_RANGE_LOOP_ANALYSIS = YES;
				CLANG_WARN_STRICT_PROTOTYPES = YES;
				CLANG_WARN_SUSPICIOUS_MOVE = YES;
				CLANG_WARN_UNGUARDED_AVAILABILITY = YES_AGGRESSIVE;
				CLANG_WARN_UNREACHABLE_CODE = YES;
				CLANG_WARN__DUPLICATE_METHOD_MATCH = YES;
				COPY_PHASE_STRIP = NO;
				DEBUG_INFORMATION_FORMAT = "dwarf-with-dsym";
				ENABLE_NS_ASSERTIONS = NO;
				ENABLE_STRICT_OBJC_MSGSEND = YES;
				ENABLE_TESTABILITY = NO;
				GCC_C_LANGUAGE_STANDARD = gnu11;
				GCC_NO_COMMON_BLOCKS = YES;
				GCC_WARN_64_TO_32_BIT_CONVERSION = YES;
				GCC_WARN_ABOUT_RETURN_TYPE = YES_ERROR;
				GCC_WARN_UNDECLARED_SELECTOR = YES;
				GCC_WARN_UNINITIALIZED_AUTOS = YES_AGGRESSIVE;
				GCC_WARN_UNUSED_FUNCTION = YES;
				GCC_WARN_UNUSED_VARIABLE = YES;
				IPHONEOS_DEPLOYMENT_TARGET = 15.2;
				MTL_ENABLE_DEBUG_INFO = NO;
				MTL_FAST_MATH = YES;
				SDKROOT = iphoneos;
				SWIFT_COMPILATION_MODE = wholemodule;
				SWIFT_OPTIMIZATION_LEVEL = "-O";
				VALIDATE_PRODUCT = YES;
			};
			name = Release;
		};
		3A5F7ABE28049C180062B036 /* Debug */ = {
			isa = XCBuildConfiguration;
			buildSettings = {
				ASSETCATALOG_COMPILER_APPICON_NAME = AppIcon;
				ASSETCATALOG_COMPILER_GLOBAL_ACCENT_COLOR_NAME = AccentColor;
				CODE_SIGN_STYLE = Automatic;
				CURRENT_PROJECT_VERSION = 1;
				GENERATE_INFOPLIST_FILE = YES;
				INFOPLIST_FILE = MovieApp/Info.plist;
				INFOPLIST_KEY_UIApplicationSupportsIndirectInputEvents = YES;
				INFOPLIST_KEY_UILaunchStoryboardName = LaunchScreen;
				INFOPLIST_KEY_UISupportedInterfaceOrientations_iPad = "UIInterfaceOrientationPortrait UIInterfaceOrientationPortraitUpsideDown UIInterfaceOrientationLandscapeLeft UIInterfaceOrientationLandscapeRight";
				INFOPLIST_KEY_UISupportedInterfaceOrientations_iPhone = "UIInterfaceOrientationPortrait UIInterfaceOrientationLandscapeLeft UIInterfaceOrientationLandscapeRight";
				LD_RUNPATH_SEARCH_PATHS = (
					"$(inherited)",
					"@executable_path/Frameworks",
				);
				MARKETING_VERSION = 1.0;
				PRODUCT_BUNDLE_IDENTIFIER = hr.fer.susecadrian.MovieApp;
				PRODUCT_NAME = "$(TARGET_NAME)";
				SWIFT_EMIT_LOC_STRINGS = YES;
				SWIFT_VERSION = 5.0;
				TARGETED_DEVICE_FAMILY = "1,2";
			};
			name = Debug;
		};
		3A5F7ABF28049C180062B036 /* Release */ = {
			isa = XCBuildConfiguration;
			buildSettings = {
				ASSETCATALOG_COMPILER_APPICON_NAME = AppIcon;
				ASSETCATALOG_COMPILER_GLOBAL_ACCENT_COLOR_NAME = AccentColor;
				CODE_SIGN_STYLE = Automatic;
				CURRENT_PROJECT_VERSION = 1;
				GENERATE_INFOPLIST_FILE = YES;
				INFOPLIST_FILE = MovieApp/Info.plist;
				INFOPLIST_KEY_UIApplicationSupportsIndirectInputEvents = YES;
				INFOPLIST_KEY_UILaunchStoryboardName = LaunchScreen;
				INFOPLIST_KEY_UISupportedInterfaceOrientations_iPad = "UIInterfaceOrientationPortrait UIInterfaceOrientationPortraitUpsideDown UIInterfaceOrientationLandscapeLeft UIInterfaceOrientationLandscapeRight";
				INFOPLIST_KEY_UISupportedInterfaceOrientations_iPhone = "UIInterfaceOrientationPortrait UIInterfaceOrientationLandscapeLeft UIInterfaceOrientationLandscapeRight";
				LD_RUNPATH_SEARCH_PATHS = (
					"$(inherited)",
					"@executable_path/Frameworks",
				);
				MARKETING_VERSION = 1.0;
				PRODUCT_BUNDLE_IDENTIFIER = hr.fer.susecadrian.MovieApp;
				PRODUCT_NAME = "$(TARGET_NAME)";
				SWIFT_EMIT_LOC_STRINGS = YES;
				SWIFT_VERSION = 5.0;
				TARGETED_DEVICE_FAMILY = "1,2";
			};
			name = Release;
		};
/* End XCBuildConfiguration section */

/* Begin XCConfigurationList section */
		3A5F7AA428049C170062B036 /* Build configuration list for PBXProject "MovieApp" */ = {
			isa = XCConfigurationList;
			buildConfigurations = (
				3A5F7ABB28049C180062B036 /* Debug */,
				3A5F7ABC28049C180062B036 /* Release */,
			);
			defaultConfigurationIsVisible = 0;
			defaultConfigurationName = Release;
		};
		3A5F7ABD28049C180062B036 /* Build configuration list for PBXNativeTarget "MovieApp" */ = {
			isa = XCConfigurationList;
			buildConfigurations = (
				3A5F7ABE28049C180062B036 /* Debug */,
				3A5F7ABF28049C180062B036 /* Release */,
			);
			defaultConfigurationIsVisible = 0;
			defaultConfigurationName = Release;
		};
/* End XCConfigurationList section */

/* Begin XCRemoteSwiftPackageReference section */
		3A5F7AC228049CB30062B036 /* XCRemoteSwiftPackageReference "SnapKit" */ = {
			isa = XCRemoteSwiftPackageReference;
			repositoryURL = "https://github.com/SnapKit/SnapKit.git";
			requirement = {
				kind = upToNextMajorVersion;
				minimumVersion = 5.0.0;
			};
		};
		3A5F7AC62804A0190062B036 /* XCRemoteSwiftPackageReference "MovieAppData" */ = {
			isa = XCRemoteSwiftPackageReference;
			repositoryURL = "https://github.com/fiveagency/MovieAppData";
			requirement = {
				kind = upToNextMajorVersion;
				minimumVersion = 1.0.0;
			};
		};
/* End XCRemoteSwiftPackageReference section */

/* Begin XCSwiftPackageProductDependency section */
		3A5F7AC328049CB30062B036 /* SnapKit */ = {
			isa = XCSwiftPackageProductDependency;
			package = 3A5F7AC228049CB30062B036 /* XCRemoteSwiftPackageReference "SnapKit" */;
			productName = SnapKit;
		};
		3A5F7AC72804A0190062B036 /* MovieAppData */ = {
			isa = XCSwiftPackageProductDependency;
			package = 3A5F7AC62804A0190062B036 /* XCRemoteSwiftPackageReference "MovieAppData" */;
			productName = MovieAppData;
		};
/* End XCSwiftPackageProductDependency section */
	};
	rootObject = 3A5F7AA128049C170062B036 /* Project object */;
}
